
Microsoft Visual Studio Solution File, Format Version 12.00
# Visual Studio Version 16
VisualStudioVersion = 16.0.810.9
MinimumVisualStudioVersion = 10.0.40219.1
Project("{FAE04EC0-301F-11D3-BF4B-00C04F79EFBC}") = "Assignment_1", "Assignment_1.csproj", "{78F0823A-045D-4427-8BC7-BA3AF4E2693F}"
EndProject
Global
	GlobalSection(SolutionConfigurationPlatforms) = preSolution
		Debug|anycpu = Debug|anycpu
		Release|anycpu = Release|anycpu
	EndGlobalSection
	GlobalSection(ProjectConfigurationPlatforms) = postSolution
		{78F0823A-045D-4427-8BC7-BA3AF4E2693F}.Debug|anycpu.ActiveCfg = Debug|anycpu
		{78F0823A-045D-4427-8BC7-BA3AF4E2693F}.Debug|anycpu.Build.0 = Debug|anycpu
		{78F0823A-045D-4427-8BC7-BA3AF4E2693F}.Release|anycpu.ActiveCfg = Release|anycpu
		{78F0823A-045D-4427-8BC7-BA3AF4E2693F}.Release|anycpu.Build.0 = Release|anycpu
	EndGlobalSection
	GlobalSection(SolutionProperties) = preSolution
		HideSolutionNode = FALSE
	EndGlobalSection
	GlobalSection(ExtensibilityGlobals) = postSolution
		SolutionGuid = {941046DF-9419-455B-9A2F-DF584332B810}
	EndGlobalSection
EndGlobal
